
Microsoft Visual Studio Solution File, Format Version 12.00
# Visual Studio Version 17
VisualStudioVersion = 17.3.32901.215
MinimumVisualStudioVersion = 10.0.40219.1
Project("{FAE04EC0-301F-11D3-BF4B-00C04F79EFBC}") = "Lab2_v2", "TestKlasser\Lab2_v2.csproj", "{98E2B7AA-BC52-4B0C-883E-42A7C53BFA8A}"
EndProject
Global
	GlobalSection(SolutionConfigurationPlatforms) = preSolution
		Debug|Any CPU = Debug|Any CPU
		Release|Any CPU = Release|Any CPU
	EndGlobalSection
	GlobalSection(ProjectConfigurationPlatforms) = postSolution
		{98E2B7AA-BC52-4B0C-883E-42A7C53BFA8A}.Debug|Any CPU.ActiveCfg = Debug|Any CPU
		{98E2B7AA-BC52-4B0C-883E-42A7C53BFA8A}.Debug|Any CPU.Build.0 = Debug|Any CPU
		{98E2B7AA-BC52-4B0C-883E-42A7C53BFA8A}.Release|Any CPU.ActiveCfg = Release|Any CPU
		{98E2B7AA-BC52-4B0C-883E-42A7C53BFA8A}.Release|Any CPU.Build.0 = Release|Any CPU
	EndGlobalSection
	GlobalSection(SolutionProperties) = preSolution
		HideSolutionNode = FALSE
	EndGlobalSection
	GlobalSection(ExtensibilityGlobals) = postSolution
		SolutionGuid = {A4974E9F-CA51-44A4-A533-8558BC7DB0F5}
	EndGlobalSection
EndGlobal
